# THIS IS AN AUTOGENERATED FILE. DO NOT EDIT THIS FILE DIRECTLY.
# yarn lockfile v1


dijit@1.17.3, dijit@^1.17.3:
  version "1.17.3"
  resolved "https://registry.yarnpkg.com/dijit/-/dijit-1.17.3.tgz#970a578546381cfede92cdce62ee404cb1272c5b"
  integrity sha512-QS+1bNhPT+BF9E+iomQSi5qI+o3oUNSx1r5TF8WlGH4LybGZP+IIGJBOO5/41YduBPljVXhY7vaPsgrycxC6UQ==
  dependencies:
    dojo "1.17.3"

dojo@1.17.3, dojo@^1.17.3:
  version "1.17.3"
  resolved "https://registry.yarnpkg.com/dojo/-/dojo-1.17.3.tgz#053bd5fbd846a04a84cae1f552d54f7d3a5a9267"
  integrity sha512-iWDx1oSfCEDnIrs8cMW7Zh9Fbjgxu8iRagFz+Qi2eya3MXIAxFXKhv2A7dpi+bfpMpFozLwcsLV8URLw6BsHsA==

dojox@^1.17.3:
  version "1.17.3"
  resolved "https://registry.yarnpkg.com/dojox/-/dojox-1.17.3.tgz#4c782da01bb97d18514be6363d41a5b9862adaf8"
  integrity sha512-n2SvGoVTZlOQUQmoqEfW6oGAfmyBtjl4DzWkxoojdTxBq8O0r7pDKBrW3nRrpQW9uZFHfB1XIA3BXS0cnrue/Q==
  dependencies:
    dijit "1.17.3"
    dojo "1.17.3"
